
Microsoft Visual Studio Solution File, Format Version 12.00
# Visual Studio Version 17
VisualStudioVersion = 17.3.32825.248
MinimumVisualStudioVersion = 10.0.40219.1
Project("{FAE04EC0-301F-11D3-BF4B-00C04F79EFBC}") = "HotelManagement", "HotelManagement\HotelManagement.csproj", "{CA7384AC-4ED5-4E16-9F15-EC823C9B275E}"
EndProject
Global
	GlobalSection(SolutionConfigurationPlatforms) = preSolution
		Debug|Any CPU = Debug|Any CPU
		Release|Any CPU = Release|Any CPU
	EndGlobalSection
	GlobalSection(ProjectConfigurationPlatforms) = postSolution
		{CA7384AC-4ED5-4E16-9F15-EC823C9B275E}.Debug|Any CPU.ActiveCfg = Debug|Any CPU
		{CA7384AC-4ED5-4E16-9F15-EC823C9B275E}.Debug|Any CPU.Build.0 = Debug|Any CPU
		{CA7384AC-4ED5-4E16-9F15-EC823C9B275E}.Release|Any CPU.ActiveCfg = Release|Any CPU
		{CA7384AC-4ED5-4E16-9F15-EC823C9B275E}.Release|Any CPU.Build.0 = Release|Any CPU
	EndGlobalSection
	GlobalSection(SolutionProperties) = preSolution
		HideSolutionNode = FALSE
	EndGlobalSection
	GlobalSection(ExtensibilityGlobals) = postSolution
		SolutionGuid = {89838425-6EB2-480B-A32E-ED0FF7149C05}
	EndGlobalSection
EndGlobal
